{
  "nodes": {
    "flake-parts": {
      "inputs": {
        "nixpkgs-lib": "nixpkgs-lib"
      },
      "locked": {
        "lastModified": 1754487366,
        "narHash": "sha256-pHYj8gUBapuUzKV/kN/tR3Zvqc7o6gdFB9XKXIp1SQ8=",
        "owner": "hercules-ci",
        "repo": "flake-parts",
        "rev": "af66ad14b28a127c5c0f3bbb298218fc63528a18",
        "type": "github"
      },
      "original": {
        "owner": "hercules-ci",
        "repo": "flake-parts",
        "type": "github"
      }
    },
    "nixos-hardware": {
      "locked": {
        "lastModified": 1754685678,
        "narHash": "sha256-oQ4JZiS7RNbyQ+LJQqtEOrO3a2zh5zSkgd/nBAZih8o=",
        "owner": "hatch01",
        "repo": "nixos-hardware",
        "rev": "680761f019c3d37c5a3d920b1ff8c61ded68cd6b",
        "type": "github"
      },
      "original": {
        "owner": "hatch01",
        "repo": "nixos-hardware",
        "type": "github"
      }
    },
    "nixpkgs": {
      "locked": {
        "lastModified": 1754685886,
        "narHash": "sha256-viNMWWI4wMbMxYHqe24zEmOtg+9ubSZnm7ZW2DjZk84=",
        "path": "/home/eymeric/code_bidouille/projet/nixpkgs",
        "type": "path"
      },
      "original": {
        "path": "/home/eymeric/code_bidouille/projet/nixpkgs",
        "type": "path"
      }
    },
    "nixpkgs-lib": {
      "locked": {
        "lastModified": 1753579242,
        "narHash": "sha256-zvaMGVn14/Zz8hnp4VWT9xVnhc8vuL3TStRqwk22biA=",
        "owner": "nix-community",
        "repo": "nixpkgs.lib",
        "rev": "0f36c44e01a6129be94e3ade315a5883f0228a6e",
        "type": "github"
      },
      "original": {
        "owner": "nix-community",
        "repo": "nixpkgs.lib",
        "type": "github"
      }
    },
    "root": {
      "inputs": {
        "flake-parts": "flake-parts",
        "nixos-hardware": "nixos-hardware",
        "nixpkgs": "nixpkgs"
      }
    }
  },
  "root": "root",
  "version": 7
}
